
Microsoft Visual Studio Solution File, Format Version 12.00
# Visual Studio Version 17
VisualStudioVersion = 17.11.35208.52
MinimumVisualStudioVersion = 10.0.40219.1
Project("{FAE04EC0-301F-11D3-BF4B-00C04F79EFBC}") = "Domain", "Domain\Domain.csproj", "{6BBF76A4-E31C-4DC2-9E73-2AE8AAF7CB79}"
EndProject
Project("{FAE04EC0-301F-11D3-BF4B-00C04F79EFBC}") = "MostrarAnimalConsole", "MostrarAnimalConsole\MostrarAnimalConsole.csproj", "{DF0E40CA-6A0F-426E-B16B-A71E5B807DDE}"
EndProject
Project("{FAE04EC0-301F-11D3-BF4B-00C04F79EFBC}") = "AnimalsAPI", "AnimalsAPI\AnimalsAPI.csproj", "{A6141E4A-1A29-41D0-B3D8-AE6BEC76C908}"
EndProject
Global
	GlobalSection(SolutionConfigurationPlatforms) = preSolution
		Debug|Any CPU = Debug|Any CPU
		Release|Any CPU = Release|Any CPU
	EndGlobalSection
	GlobalSection(ProjectConfigurationPlatforms) = postSolution
		{6BBF76A4-E31C-4DC2-9E73-2AE8AAF7CB79}.Debug|Any CPU.ActiveCfg = Debug|Any CPU
		{6BBF76A4-E31C-4DC2-9E73-2AE8AAF7CB79}.Debug|Any CPU.Build.0 = Debug|Any CPU
		{6BBF76A4-E31C-4DC2-9E73-2AE8AAF7CB79}.Release|Any CPU.ActiveCfg = Release|Any CPU
		{6BBF76A4-E31C-4DC2-9E73-2AE8AAF7CB79}.Release|Any CPU.Build.0 = Release|Any CPU
		{DF0E40CA-6A0F-426E-B16B-A71E5B807DDE}.Debug|Any CPU.ActiveCfg = Debug|Any CPU
		{DF0E40CA-6A0F-426E-B16B-A71E5B807DDE}.Debug|Any CPU.Build.0 = Debug|Any CPU
		{DF0E40CA-6A0F-426E-B16B-A71E5B807DDE}.Release|Any CPU.ActiveCfg = Release|Any CPU
		{DF0E40CA-6A0F-426E-B16B-A71E5B807DDE}.Release|Any CPU.Build.0 = Release|Any CPU
		{A6141E4A-1A29-41D0-B3D8-AE6BEC76C908}.Debug|Any CPU.ActiveCfg = Debug|Any CPU
		{A6141E4A-1A29-41D0-B3D8-AE6BEC76C908}.Debug|Any CPU.Build.0 = Debug|Any CPU
		{A6141E4A-1A29-41D0-B3D8-AE6BEC76C908}.Release|Any CPU.ActiveCfg = Release|Any CPU
		{A6141E4A-1A29-41D0-B3D8-AE6BEC76C908}.Release|Any CPU.Build.0 = Release|Any CPU
	EndGlobalSection
	GlobalSection(SolutionProperties) = preSolution
		HideSolutionNode = FALSE
	EndGlobalSection
	GlobalSection(ExtensibilityGlobals) = postSolution
		SolutionGuid = {A6C5088E-4CA0-41B4-B1C1-F3101694D9D9}
	EndGlobalSection
EndGlobal
